
Microsoft Visual Studio Solution File, Format Version 12.00
# Visual Studio Version 16
VisualStudioVersion = 16.0.29911.84
MinimumVisualStudioVersion = 10.0.40219.1
Project("{9A19103F-16F7-4668-BE54-9A1E7A4F7556}") = "Ecommerce.Core", "Ecommerce.Core\Ecommerce.Core.csproj", "{7E6AD832-0165-43A6-A96F-EE2520DB1E42}"
EndProject
Project("{9A19103F-16F7-4668-BE54-9A1E7A4F7556}") = "Ecommerce.Data", "Ecommerce.Data\Ecommerce.Data.csproj", "{8E7C4DE2-BAEB-4F98-9C8B-BB25138C358F}"
EndProject
Project("{9A19103F-16F7-4668-BE54-9A1E7A4F7556}") = "Ecommerce.Service", "Ecommerce.Service\Ecommerce.Service.csproj", "{61924F01-06CC-4C23-9BB3-817BAD495C41}"
EndProject
Project("{9A19103F-16F7-4668-BE54-9A1E7A4F7556}") = "Ecommerce.MVCWeb", "Ecommerce.MVCWeb\Ecommerce.MVCWeb.csproj", "{A7D3C48D-EB70-4E80-ACF7-FF4049EB2AD8}"
EndProject
Global
	GlobalSection(SolutionConfigurationPlatforms) = preSolution
		Debug|Any CPU = Debug|Any CPU
		Release|Any CPU = Release|Any CPU
	EndGlobalSection
	GlobalSection(ProjectConfigurationPlatforms) = postSolution
		{7E6AD832-0165-43A6-A96F-EE2520DB1E42}.Debug|Any CPU.ActiveCfg = Debug|Any CPU
		{7E6AD832-0165-43A6-A96F-EE2520DB1E42}.Debug|Any CPU.Build.0 = Debug|Any CPU
		{7E6AD832-0165-43A6-A96F-EE2520DB1E42}.Release|Any CPU.ActiveCfg = Release|Any CPU
		{7E6AD832-0165-43A6-A96F-EE2520DB1E42}.Release|Any CPU.Build.0 = Release|Any CPU
		{8E7C4DE2-BAEB-4F98-9C8B-BB25138C358F}.Debug|Any CPU.ActiveCfg = Debug|Any CPU
		{8E7C4DE2-BAEB-4F98-9C8B-BB25138C358F}.Debug|Any CPU.Build.0 = Debug|Any CPU
		{8E7C4DE2-BAEB-4F98-9C8B-BB25138C358F}.Release|Any CPU.ActiveCfg = Release|Any CPU
		{8E7C4DE2-BAEB-4F98-9C8B-BB25138C358F}.Release|Any CPU.Build.0 = Release|Any CPU
		{61924F01-06CC-4C23-9BB3-817BAD495C41}.Debug|Any CPU.ActiveCfg = Debug|Any CPU
		{61924F01-06CC-4C23-9BB3-817BAD495C41}.Debug|Any CPU.Build.0 = Debug|Any CPU
		{61924F01-06CC-4C23-9BB3-817BAD495C41}.Release|Any CPU.ActiveCfg = Release|Any CPU
		{61924F01-06CC-4C23-9BB3-817BAD495C41}.Release|Any CPU.Build.0 = Release|Any CPU
		{A7D3C48D-EB70-4E80-ACF7-FF4049EB2AD8}.Debug|Any CPU.ActiveCfg = Debug|Any CPU
		{A7D3C48D-EB70-4E80-ACF7-FF4049EB2AD8}.Debug|Any CPU.Build.0 = Debug|Any CPU
		{A7D3C48D-EB70-4E80-ACF7-FF4049EB2AD8}.Release|Any CPU.ActiveCfg = Release|Any CPU
		{A7D3C48D-EB70-4E80-ACF7-FF4049EB2AD8}.Release|Any CPU.Build.0 = Release|Any CPU
	EndGlobalSection
	GlobalSection(SolutionProperties) = preSolution
		HideSolutionNode = FALSE
	EndGlobalSection
	GlobalSection(ExtensibilityGlobals) = postSolution
		SolutionGuid = {610453AF-CA28-40A6-A52B-7F582628F582}
	EndGlobalSection
EndGlobal
